
Microsoft Visual Studio Solution File, Format Version 12.00
# Visual Studio Version 16
VisualStudioVersion = 16.0.31205.134
MinimumVisualStudioVersion = 10.0.40219.1
Project("{FAE04EC0-301F-11D3-BF4B-00C04F79EFBC}") = "Call Web API 1", "Call Web API 1.csproj", "{BA0BF6F6-5229-4A95-8768-DAD775609F9D}"
EndProject
Global
	GlobalSection(SolutionConfigurationPlatforms) = preSolution
		Debug|Any CPU = Debug|Any CPU
		Release|Any CPU = Release|Any CPU
	EndGlobalSection
	GlobalSection(ProjectConfigurationPlatforms) = postSolution
		{BA0BF6F6-5229-4A95-8768-DAD775609F9D}.Debug|Any CPU.ActiveCfg = Debug|Any CPU
		{BA0BF6F6-5229-4A95-8768-DAD775609F9D}.Debug|Any CPU.Build.0 = Debug|Any CPU
		{BA0BF6F6-5229-4A95-8768-DAD775609F9D}.Release|Any CPU.ActiveCfg = Release|Any CPU
		{BA0BF6F6-5229-4A95-8768-DAD775609F9D}.Release|Any CPU.Build.0 = Release|Any CPU
	EndGlobalSection
	GlobalSection(SolutionProperties) = preSolution
		HideSolutionNode = FALSE
	EndGlobalSection
	GlobalSection(ExtensibilityGlobals) = postSolution
		SolutionGuid = {1F29A9AA-25AD-4EE2-A042-23FEF9343F8E}
	EndGlobalSection
EndGlobal
